
Microsoft Visual Studio Solution File, Format Version 12.00
# Visual Studio 14
VisualStudioVersion = 14.0.25420.1
MinimumVisualStudioVersion = 10.0.40219.1
Project("{FAE04EC0-301F-11D3-BF4B-00C04F79EFBC}") = "PortalEventus", "PortalEventus\PortalEventus.csproj", "{EA9C5D3D-CE1E-4F69-A5A4-E95FF0E1EFFC}"
EndProject
Project("{FAE04EC0-301F-11D3-BF4B-00C04F79EFBC}") = "BE_Eventus", "BE_Eventus\BE_Eventus.csproj", "{201C487A-384E-4AF0-839A-60F26E049280}"
EndProject
Global
	GlobalSection(SolutionConfigurationPlatforms) = preSolution
		Debug|Any CPU = Debug|Any CPU
		Release|Any CPU = Release|Any CPU
	EndGlobalSection
	GlobalSection(ProjectConfigurationPlatforms) = postSolution
		{EA9C5D3D-CE1E-4F69-A5A4-E95FF0E1EFFC}.Debug|Any CPU.ActiveCfg = Debug|Any CPU
		{EA9C5D3D-CE1E-4F69-A5A4-E95FF0E1EFFC}.Debug|Any CPU.Build.0 = Debug|Any CPU
		{EA9C5D3D-CE1E-4F69-A5A4-E95FF0E1EFFC}.Release|Any CPU.ActiveCfg = Release|Any CPU
		{EA9C5D3D-CE1E-4F69-A5A4-E95FF0E1EFFC}.Release|Any CPU.Build.0 = Release|Any CPU
		{201C487A-384E-4AF0-839A-60F26E049280}.Debug|Any CPU.ActiveCfg = Debug|Any CPU
		{201C487A-384E-4AF0-839A-60F26E049280}.Debug|Any CPU.Build.0 = Debug|Any CPU
		{201C487A-384E-4AF0-839A-60F26E049280}.Release|Any CPU.ActiveCfg = Release|Any CPU
		{201C487A-384E-4AF0-839A-60F26E049280}.Release|Any CPU.Build.0 = Release|Any CPU
	EndGlobalSection
	GlobalSection(SolutionProperties) = preSolution
		HideSolutionNode = FALSE
	EndGlobalSection
EndGlobal
